
Microsoft Visual Studio Solution File, Format Version 12.00
# Visual Studio Version 17
VisualStudioVersion = 17.9.34607.119
MinimumVisualStudioVersion = 10.0.40219.1
Project("{FAE04EC0-301F-11D3-BF4B-00C04F79EFBC}") = "AppManager", "AppManager\AppManager.csproj", "{EEA3F737-3044-4B2F-B3A2-CFB3210DDFEF}"
EndProject
Global
	GlobalSection(SolutionConfigurationPlatforms) = preSolution
		Debug|Any CPU = Debug|Any CPU
		Release|Any CPU = Release|Any CPU
	EndGlobalSection
	GlobalSection(ProjectConfigurationPlatforms) = postSolution
		{EEA3F737-3044-4B2F-B3A2-CFB3210DDFEF}.Debug|Any CPU.ActiveCfg = Debug|Any CPU
		{EEA3F737-3044-4B2F-B3A2-CFB3210DDFEF}.Debug|Any CPU.Build.0 = Debug|Any CPU
		{EEA3F737-3044-4B2F-B3A2-CFB3210DDFEF}.Release|Any CPU.ActiveCfg = Release|Any CPU
		{EEA3F737-3044-4B2F-B3A2-CFB3210DDFEF}.Release|Any CPU.Build.0 = Release|Any CPU
	EndGlobalSection
	GlobalSection(SolutionProperties) = preSolution
		HideSolutionNode = FALSE
	EndGlobalSection
	GlobalSection(ExtensibilityGlobals) = postSolution
		SolutionGuid = {B0B32466-CCDB-4DB1-BB15-20AAAC9C58AD}
	EndGlobalSection
EndGlobal
